{
    "name": "open-weather-image",
    "version": "1.3.1",
    "lockfileVersion": 2,
    "requires": true,
    "packages": {
        "": {
            "name": "open-weather-image",
            "version": "1.3.1",
            "license": "MIT",
            "dependencies": {
                "@napi-rs/canvas": "^0.1.21",
                "@types/whatwg-url": "*",
                "axios": "^0.27.2"
            },
            "devDependencies": {
                "typescript": "^4.6.4"
            },
            "optionalDependencies": {
                "@types/whatwg-url": "^8.2.1"
            }
        },
        "node_modules/@napi-rs/canvas": {
            "version": "0.1.21",
            "resolved": "https://registry.npmjs.org/@napi-rs/canvas/-/canvas-0.1.21.tgz",
            "integrity": "sha512-THmJZPgpdli7Ux0kZLCp0PVCbkkxwbp/xZiCTIRMPcOJs09mFfc+raQDf+SnDYif841hYNe9Vgkjk4rHcJwJ3A==",
            "engines": {
                "node": ">= 10"
            },
            "optionalDependencies": {
                "@napi-rs/canvas-android-arm64": "0.1.21",
                "@napi-rs/canvas-darwin-arm64": "0.1.21",
                "@napi-rs/canvas-darwin-x64": "0.1.21",
                "@napi-rs/canvas-linux-arm-gnueabihf": "0.1.21",
                "@napi-rs/canvas-linux-arm64-gnu": "0.1.21",
                "@napi-rs/canvas-linux-arm64-musl": "0.1.21",
                "@napi-rs/canvas-linux-x64-gnu": "0.1.21",
                "@napi-rs/canvas-linux-x64-musl": "0.1.21",
                "@napi-rs/canvas-win32-x64-msvc": "0.1.21"
            }
        },
        "node_modules/@napi-rs/canvas-android-arm64": {
            "version": "0.1.21",
            "resolved": "https://registry.npmjs.org/@napi-rs/canvas-android-arm64/-/canvas-android-arm64-0.1.21.tgz",
            "integrity": "sha512-u348pkJ+G1FzUCIUX1tRO0njZh3UaViwnQeAkZugnAu5Srr78gRV/FpicuKj/opxnRKaAheFKvu1UJa/gytWyA==",
            "cpu": [
                "arm64"
            ],
            "optional": true,
            "os": [
                "android"
            ],
            "engines": {
                "node": ">= 10"
            }
        },
        "node_modules/@napi-rs/canvas-darwin-arm64": {
            "version": "0.1.21",
            "resolved": "https://registry.npmjs.org/@napi-rs/canvas-darwin-arm64/-/canvas-darwin-arm64-0.1.21.tgz",
            "integrity": "sha512-vaN5LL96rK2RypGEM+0Y2PijVAg6rcT0wKVIQJzpA0DIVh58CJNiJTv6W8rM/XQw5KnHsGBRERBmaY/G4r8ufA==",
            "cpu": [
                "arm64"
            ],
            "optional": true,
            "os": [
                "darwin"
            ],
            "engines": {
                "node": ">= 10"
            }
        },
        "node_modules/@napi-rs/canvas-darwin-x64": {
            "version": "0.1.21",
            "resolved": "https://registry.npmjs.org/@napi-rs/canvas-darwin-x64/-/canvas-darwin-x64-0.1.21.tgz",
            "integrity": "sha512-VpS/odM5EERNmMmyQKeCA0mrg/cvggoDFsRLniSdo1KmJ4bU1iYEKBovJlUa+hWUM8IW5P6hiV+L8VQ/677Mlg==",
            "cpu": [
                "x64"
            ],
            "optional": true,
            "os": [
                "darwin"
            ],
            "engines": {
                "node": ">= 10"
            }
        },
        "node_modules/@napi-rs/canvas-linux-arm-gnueabihf": {
            "version": "0.1.21",
            "resolved": "https://registry.npmjs.org/@napi-rs/canvas-linux-arm-gnueabihf/-/canvas-linux-arm-gnueabihf-0.1.21.tgz",
            "integrity": "sha512-Vf3XVkT83cWvIWsdnvpEcl8rGC/ZDjowz+8dkMHvVYDciHZqkkS3r3VhiIscYTXjrg3ZxVeF44RYQGgdKLTh8w==",
            "cpu": [
                "arm"
            ],
            "optional": true,
            "os": [
                "linux"
            ],
            "engines": {
                "node": ">= 10"
            }
        },
        "node_modules/@napi-rs/canvas-linux-arm64-gnu": {
            "version": "0.1.21",
            "resolved": "https://registry.npmjs.org/@napi-rs/canvas-linux-arm64-gnu/-/canvas-linux-arm64-gnu-0.1.21.tgz",
            "integrity": "sha512-xFxK0RcJ+pKlLjPFGbfBVEcrZ/jwr+E46xSXALdSjr6G0RO7pizaw3lyd65WlnLSkdXiVHXsNjoJ0IAzENgYzA==",
            "cpu": [
                "arm64"
            ],
            "hasInstallScript": true,
            "optional": true,
            "os": [
                "linux"
            ],
            "engines": {
                "node": ">= 10"
            }
        },
        "node_modules/@napi-rs/canvas-linux-arm64-musl": {
            "version": "0.1.21",
            "resolved": "https://registry.npmjs.org/@napi-rs/canvas-linux-arm64-musl/-/canvas-linux-arm64-musl-0.1.21.tgz",
            "integrity": "sha512-ab516grJbK9RVvHbwqyEOoHRo554bjaEkHoValyn+ORYQGkHhxSCnN+GFmUZBTaQS6z18IKy/YwlksSlm15f9g==",
            "cpu": [
                "arm64"
            ],
            "hasInstallScript": true,
            "optional": true,
            "os": [
                "linux"
            ],
            "engines": {
                "node": ">= 10"
            }
        },
        "node_modules/@napi-rs/canvas-linux-x64-gnu": {
            "version": "0.1.21",
            "resolved": "https://registry.npmjs.org/@napi-rs/canvas-linux-x64-gnu/-/canvas-linux-x64-gnu-0.1.21.tgz",
            "integrity": "sha512-hujY+xtANjqdhuodbocsBHBpxWgoBc45UfjxGB1YDuyTpxVEYF04lVuvgy4dvVuUvAjq+zYsdU8xROqfJ+E2AA==",
            "cpu": [
                "x64"
            ],
            "hasInstallScript": true,
            "optional": true,
            "os": [
                "linux"
            ],
            "engines": {
                "node": ">= 10"
            }
        },
        "node_modules/@napi-rs/canvas-linux-x64-musl": {
            "version": "0.1.21",
            "resolved": "https://registry.npmjs.org/@napi-rs/canvas-linux-x64-musl/-/canvas-linux-x64-musl-0.1.21.tgz",
            "integrity": "sha512-681hoLShmv4k/4glQ3YhrgZWZZOBD6ZtcNJA4e32oCOwx9HLm4xs5dpyaSt0LuJ5lcGMlvYP1wAVdwMP16vOug==",
            "cpu": [
                "x64"
            ],
            "hasInstallScript": true,
            "optional": true,
            "os": [
                "linux"
            ],
            "engines": {
                "node": ">= 10"
            }
        },
        "node_modules/@napi-rs/canvas-win32-x64-msvc": {
            "version": "0.1.21",
            "resolved": "https://registry.npmjs.org/@napi-rs/canvas-win32-x64-msvc/-/canvas-win32-x64-msvc-0.1.21.tgz",
            "integrity": "sha512-qHcPbNWUU5naP839/CSKyLBp9QZrquqSZwxi7cZ9L/OPSTKkYsun77juAFXstnZ0qzTBcO80RefaGcbMuOjQPw==",
            "cpu": [
                "x64"
            ],
            "optional": true,
            "os": [
                "win32"
            ],
            "engines": {
                "node": ">= 10"
            }
        },
        "node_modules/@types/node": {
            "version": "17.0.33",
            "resolved": "https://registry.npmjs.org/@types/node/-/node-17.0.33.tgz",
            "integrity": "sha512-miWq2m2FiQZmaHfdZNcbpp9PuXg34W5JZ5CrJ/BaS70VuhoJENBEQybeiYSaPBRNq6KQGnjfEnc/F3PN++D+XQ==",
            "optional": true
        },
        "node_modules/@types/webidl-conversions": {
            "version": "6.1.1",
            "resolved": "https://registry.npmjs.org/@types/webidl-conversions/-/webidl-conversions-6.1.1.tgz",
            "integrity": "sha512-XAahCdThVuCFDQLT7R7Pk/vqeObFNL3YqRyFZg+AqAP/W1/w3xHaIxuW7WszQqTbIBOPRcItYJIou3i/mppu3Q==",
            "optional": true
        },
        "node_modules/@types/whatwg-url": {
            "version": "8.2.1",
            "resolved": "https://registry.npmjs.org/@types/whatwg-url/-/whatwg-url-8.2.1.tgz",
            "integrity": "sha512-2YubE1sjj5ifxievI5Ge1sckb9k/Er66HyR2c+3+I6VDUUg1TLPdYYTEbQ+DjRkS4nTxMJhgWfSfMRD2sl2EYQ==",
            "optional": true,
            "dependencies": {
                "@types/node": "*",
                "@types/webidl-conversions": "*"
            }
        },
        "node_modules/asynckit": {
            "version": "0.4.0",
            "resolved": "https://registry.npmjs.org/asynckit/-/asynckit-0.4.0.tgz",
            "integrity": "sha1-x57Zf380y48robyXkLzDZkdLS3k="
        },
        "node_modules/axios": {
            "version": "0.27.2",
            "resolved": "https://registry.npmjs.org/axios/-/axios-0.27.2.tgz",
            "integrity": "sha512-t+yRIyySRTp/wua5xEr+z1q60QmLq8ABsS5O9Me1AsE5dfKqgnCFzwiCZZ/cGNd1lq4/7akDWMxdhVlucjmnOQ==",
            "dependencies": {
                "follow-redirects": "^1.14.9",
                "form-data": "^4.0.0"
            }
        },
        "node_modules/combined-stream": {
            "version": "1.0.8",
            "resolved": "https://registry.npmjs.org/combined-stream/-/combined-stream-1.0.8.tgz",
            "integrity": "sha512-FQN4MRfuJeHf7cBbBMJFXhKSDq+2kAArBlmRBvcvFE5BB1HZKXtSFASDhdlz9zOYwxh8lDdnvmMOe/+5cdoEdg==",
            "dependencies": {
                "delayed-stream": "~1.0.0"
            },
            "engines": {
                "node": ">= 0.8"
            }
        },
        "node_modules/delayed-stream": {
            "version": "1.0.0",
            "resolved": "https://registry.npmjs.org/delayed-stream/-/delayed-stream-1.0.0.tgz",
            "integrity": "sha1-3zrhmayt+31ECqrgsp4icrJOxhk=",
            "engines": {
                "node": ">=0.4.0"
            }
        },
        "node_modules/follow-redirects": {
            "version": "1.15.0",
            "resolved": "https://registry.npmjs.org/follow-redirects/-/follow-redirects-1.15.0.tgz",
            "integrity": "sha512-aExlJShTV4qOUOL7yF1U5tvLCB0xQuudbf6toyYA0E/acBNw71mvjFTnLaRp50aQaYocMR0a/RMMBIHeZnGyjQ==",
            "funding": [
                {
                    "type": "individual",
                    "url": "https://github.com/sponsors/RubenVerborgh"
                }
            ],
            "engines": {
                "node": ">=4.0"
            },
            "peerDependenciesMeta": {
                "debug": {
                    "optional": true
                }
            }
        },
        "node_modules/form-data": {
            "version": "4.0.0",
            "resolved": "https://registry.npmjs.org/form-data/-/form-data-4.0.0.tgz",
            "integrity": "sha512-ETEklSGi5t0QMZuiXoA/Q6vcnxcLQP5vdugSpuAyi6SVGi2clPPp+xgEhuMaHC+zGgn31Kd235W35f7Hykkaww==",
            "dependencies": {
                "asynckit": "^0.4.0",
                "combined-stream": "^1.0.8",
                "mime-types": "^2.1.12"
            },
            "engines": {
                "node": ">= 6"
            }
        },
        "node_modules/mime-db": {
            "version": "1.52.0",
            "resolved": "https://registry.npmjs.org/mime-db/-/mime-db-1.52.0.tgz",
            "integrity": "sha512-sPU4uV7dYlvtWJxwwxHD0PuihVNiE7TyAbQ5SWxDCB9mUYvOgroQOwYQQOKPJ8CIbE+1ETVlOoK1UC2nU3gYvg==",
            "engines": {
                "node": ">= 0.6"
            }
        },
        "node_modules/mime-types": {
            "version": "2.1.35",
            "resolved": "https://registry.npmjs.org/mime-types/-/mime-types-2.1.35.tgz",
            "integrity": "sha512-ZDY+bPm5zTTF+YpCrAU9nK0UgICYPT0QtT1NZWFv4s++TNkcgVaT0g6+4R2uI4MjQjzysHB1zxuWL50hzaeXiw==",
            "dependencies": {
                "mime-db": "1.52.0"
            },
            "engines": {
                "node": ">= 0.6"
            }
        },
        "node_modules/typescript": {
            "version": "4.6.4",
            "resolved": "https://registry.npmjs.org/typescript/-/typescript-4.6.4.tgz",
            "integrity": "sha512-9ia/jWHIEbo49HfjrLGfKbZSuWo9iTMwXO+Ca3pRsSpbsMbc7/IU8NKdCZVRRBafVPGnoJeFL76ZOAA84I9fEg==",
            "dev": true,
            "bin": {
                "tsc": "bin/tsc",
                "tsserver": "bin/tsserver"
            },
            "engines": {
                "node": ">=4.2.0"
            }
        }
    },
    "dependencies": {
        "@napi-rs/canvas": {
            "version": "0.1.21",
            "resolved": "https://registry.npmjs.org/@napi-rs/canvas/-/canvas-0.1.21.tgz",
            "integrity": "sha512-THmJZPgpdli7Ux0kZLCp0PVCbkkxwbp/xZiCTIRMPcOJs09mFfc+raQDf+SnDYif841hYNe9Vgkjk4rHcJwJ3A==",
            "requires": {
                "@napi-rs/canvas-android-arm64": "0.1.21",
                "@napi-rs/canvas-darwin-arm64": "0.1.21",
                "@napi-rs/canvas-darwin-x64": "0.1.21",
                "@napi-rs/canvas-linux-arm-gnueabihf": "0.1.21",
                "@napi-rs/canvas-linux-arm64-gnu": "0.1.21",
                "@napi-rs/canvas-linux-arm64-musl": "0.1.21",
                "@napi-rs/canvas-linux-x64-gnu": "0.1.21",
                "@napi-rs/canvas-linux-x64-musl": "0.1.21",
                "@napi-rs/canvas-win32-x64-msvc": "0.1.21"
            }
        },
        "@napi-rs/canvas-android-arm64": {
            "version": "0.1.21",
            "resolved": "https://registry.npmjs.org/@napi-rs/canvas-android-arm64/-/canvas-android-arm64-0.1.21.tgz",
            "integrity": "sha512-u348pkJ+G1FzUCIUX1tRO0njZh3UaViwnQeAkZugnAu5Srr78gRV/FpicuKj/opxnRKaAheFKvu1UJa/gytWyA==",
            "optional": true
        },
        "@napi-rs/canvas-darwin-arm64": {
            "version": "0.1.21",
            "resolved": "https://registry.npmjs.org/@napi-rs/canvas-darwin-arm64/-/canvas-darwin-arm64-0.1.21.tgz",
            "integrity": "sha512-vaN5LL96rK2RypGEM+0Y2PijVAg6rcT0wKVIQJzpA0DIVh58CJNiJTv6W8rM/XQw5KnHsGBRERBmaY/G4r8ufA==",
            "optional": true
        },
        "@napi-rs/canvas-darwin-x64": {
            "version": "0.1.21",
            "resolved": "https://registry.npmjs.org/@napi-rs/canvas-darwin-x64/-/canvas-darwin-x64-0.1.21.tgz",
            "integrity": "sha512-VpS/odM5EERNmMmyQKeCA0mrg/cvggoDFsRLniSdo1KmJ4bU1iYEKBovJlUa+hWUM8IW5P6hiV+L8VQ/677Mlg==",
            "optional": true
        },
        "@napi-rs/canvas-linux-arm-gnueabihf": {
            "version": "0.1.21",
            "resolved": "https://registry.npmjs.org/@napi-rs/canvas-linux-arm-gnueabihf/-/canvas-linux-arm-gnueabihf-0.1.21.tgz",
            "integrity": "sha512-Vf3XVkT83cWvIWsdnvpEcl8rGC/ZDjowz+8dkMHvVYDciHZqkkS3r3VhiIscYTXjrg3ZxVeF44RYQGgdKLTh8w==",
            "optional": true
        },
        "@napi-rs/canvas-linux-arm64-gnu": {
            "version": "0.1.21",
            "resolved": "https://registry.npmjs.org/@napi-rs/canvas-linux-arm64-gnu/-/canvas-linux-arm64-gnu-0.1.21.tgz",
            "integrity": "sha512-xFxK0RcJ+pKlLjPFGbfBVEcrZ/jwr+E46xSXALdSjr6G0RO7pizaw3lyd65WlnLSkdXiVHXsNjoJ0IAzENgYzA==",
            "optional": true
        },
        "@napi-rs/canvas-linux-arm64-musl": {
            "version": "0.1.21",
            "resolved": "https://registry.npmjs.org/@napi-rs/canvas-linux-arm64-musl/-/canvas-linux-arm64-musl-0.1.21.tgz",
            "integrity": "sha512-ab516grJbK9RVvHbwqyEOoHRo554bjaEkHoValyn+ORYQGkHhxSCnN+GFmUZBTaQS6z18IKy/YwlksSlm15f9g==",
            "optional": true
        },
        "@napi-rs/canvas-linux-x64-gnu": {
            "version": "0.1.21",
            "resolved": "https://registry.npmjs.org/@napi-rs/canvas-linux-x64-gnu/-/canvas-linux-x64-gnu-0.1.21.tgz",
            "integrity": "sha512-hujY+xtANjqdhuodbocsBHBpxWgoBc45UfjxGB1YDuyTpxVEYF04lVuvgy4dvVuUvAjq+zYsdU8xROqfJ+E2AA==",
            "optional": true
        },
        "@napi-rs/canvas-linux-x64-musl": {
            "version": "0.1.21",
            "resolved": "https://registry.npmjs.org/@napi-rs/canvas-linux-x64-musl/-/canvas-linux-x64-musl-0.1.21.tgz",
            "integrity": "sha512-681hoLShmv4k/4glQ3YhrgZWZZOBD6ZtcNJA4e32oCOwx9HLm4xs5dpyaSt0LuJ5lcGMlvYP1wAVdwMP16vOug==",
            "optional": true
        },
        "@napi-rs/canvas-win32-x64-msvc": {
            "version": "0.1.21",
            "resolved": "https://registry.npmjs.org/@napi-rs/canvas-win32-x64-msvc/-/canvas-win32-x64-msvc-0.1.21.tgz",
            "integrity": "sha512-qHcPbNWUU5naP839/CSKyLBp9QZrquqSZwxi7cZ9L/OPSTKkYsun77juAFXstnZ0qzTBcO80RefaGcbMuOjQPw==",
            "optional": true
        },
        "@types/node": {
            "version": "17.0.33",
            "resolved": "https://registry.npmjs.org/@types/node/-/node-17.0.33.tgz",
            "integrity": "sha512-miWq2m2FiQZmaHfdZNcbpp9PuXg34W5JZ5CrJ/BaS70VuhoJENBEQybeiYSaPBRNq6KQGnjfEnc/F3PN++D+XQ==",
            "optional": true
        },
        "@types/webidl-conversions": {
            "version": "6.1.1",
            "resolved": "https://registry.npmjs.org/@types/webidl-conversions/-/webidl-conversions-6.1.1.tgz",
            "integrity": "sha512-XAahCdThVuCFDQLT7R7Pk/vqeObFNL3YqRyFZg+AqAP/W1/w3xHaIxuW7WszQqTbIBOPRcItYJIou3i/mppu3Q==",
            "optional": true
        },
        "@types/whatwg-url": {
            "version": "8.2.1",
            "resolved": "https://registry.npmjs.org/@types/whatwg-url/-/whatwg-url-8.2.1.tgz",
            "integrity": "sha512-2YubE1sjj5ifxievI5Ge1sckb9k/Er66HyR2c+3+I6VDUUg1TLPdYYTEbQ+DjRkS4nTxMJhgWfSfMRD2sl2EYQ==",
            "optional": true,
            "requires": {
                "@types/node": "*",
                "@types/webidl-conversions": "*"
            }
        },
        "asynckit": {
            "version": "0.4.0",
            "resolved": "https://registry.npmjs.org/asynckit/-/asynckit-0.4.0.tgz",
            "integrity": "sha1-x57Zf380y48robyXkLzDZkdLS3k="
        },
        "axios": {
            "version": "0.27.2",
            "resolved": "https://registry.npmjs.org/axios/-/axios-0.27.2.tgz",
            "integrity": "sha512-t+yRIyySRTp/wua5xEr+z1q60QmLq8ABsS5O9Me1AsE5dfKqgnCFzwiCZZ/cGNd1lq4/7akDWMxdhVlucjmnOQ==",
            "requires": {
                "follow-redirects": "^1.14.9",
                "form-data": "^4.0.0"
            }
        },
        "combined-stream": {
            "version": "1.0.8",
            "resolved": "https://registry.npmjs.org/combined-stream/-/combined-stream-1.0.8.tgz",
            "integrity": "sha512-FQN4MRfuJeHf7cBbBMJFXhKSDq+2kAArBlmRBvcvFE5BB1HZKXtSFASDhdlz9zOYwxh8lDdnvmMOe/+5cdoEdg==",
            "requires": {
                "delayed-stream": "~1.0.0"
            }
        },
        "delayed-stream": {
            "version": "1.0.0",
            "resolved": "https://registry.npmjs.org/delayed-stream/-/delayed-stream-1.0.0.tgz",
            "integrity": "sha1-3zrhmayt+31ECqrgsp4icrJOxhk="
        },
        "follow-redirects": {
            "version": "1.15.0",
            "resolved": "https://registry.npmjs.org/follow-redirects/-/follow-redirects-1.15.0.tgz",
            "integrity": "sha512-aExlJShTV4qOUOL7yF1U5tvLCB0xQuudbf6toyYA0E/acBNw71mvjFTnLaRp50aQaYocMR0a/RMMBIHeZnGyjQ=="
        },
        "form-data": {
            "version": "4.0.0",
            "resolved": "https://registry.npmjs.org/form-data/-/form-data-4.0.0.tgz",
            "integrity": "sha512-ETEklSGi5t0QMZuiXoA/Q6vcnxcLQP5vdugSpuAyi6SVGi2clPPp+xgEhuMaHC+zGgn31Kd235W35f7Hykkaww==",
            "requires": {
                "asynckit": "^0.4.0",
                "combined-stream": "^1.0.8",
                "mime-types": "^2.1.12"
            }
        },
        "mime-db": {
            "version": "1.52.0",
            "resolved": "https://registry.npmjs.org/mime-db/-/mime-db-1.52.0.tgz",
            "integrity": "sha512-sPU4uV7dYlvtWJxwwxHD0PuihVNiE7TyAbQ5SWxDCB9mUYvOgroQOwYQQOKPJ8CIbE+1ETVlOoK1UC2nU3gYvg=="
        },
        "mime-types": {
            "version": "2.1.35",
            "resolved": "https://registry.npmjs.org/mime-types/-/mime-types-2.1.35.tgz",
            "integrity": "sha512-ZDY+bPm5zTTF+YpCrAU9nK0UgICYPT0QtT1NZWFv4s++TNkcgVaT0g6+4R2uI4MjQjzysHB1zxuWL50hzaeXiw==",
            "requires": {
                "mime-db": "1.52.0"
            }
        },
        "typescript": {
            "version": "4.6.4",
            "resolved": "https://registry.npmjs.org/typescript/-/typescript-4.6.4.tgz",
            "integrity": "sha512-9ia/jWHIEbo49HfjrLGfKbZSuWo9iTMwXO+Ca3pRsSpbsMbc7/IU8NKdCZVRRBafVPGnoJeFL76ZOAA84I9fEg==",
            "dev": true
        }
    }
}
