{
    "name": "open-weather-image",
    "version": "3.0.0",
    "lockfileVersion": 3,
    "requires": true,
    "packages": {
        "": {
            "name": "open-weather-image",
            "version": "3.0.0",
            "license": "MIT",
            "dependencies": {
                "@napi-rs/canvas": "^0.1.41",
                "axios": "^1.4.0"
            },
            "devDependencies": {
                "@types/node": "^18.16.19",
                "ncp": "^2.0.0",
                "typescript": "^5.1.6"
            }
        },
        "node_modules/@napi-rs/canvas": {
            "version": "0.1.41",
            "resolved": "https://registry.npmjs.org/@napi-rs/canvas/-/canvas-0.1.41.tgz",
            "integrity": "sha512-JjdMfKyXox09KgC3fNB4+x0M/rwufIWrfcBDU0BuF6jKVhlSSSNy7D2WEX4zs5NgWHeiArHCXLtJ0dW6KyK7GQ==",
            "engines": {
                "node": ">= 10"
            },
            "optionalDependencies": {
                "@napi-rs/canvas-android-arm64": "0.1.41",
                "@napi-rs/canvas-darwin-arm64": "0.1.41",
                "@napi-rs/canvas-darwin-x64": "0.1.41",
                "@napi-rs/canvas-linux-arm-gnueabihf": "0.1.41",
                "@napi-rs/canvas-linux-arm64-gnu": "0.1.41",
                "@napi-rs/canvas-linux-arm64-musl": "0.1.41",
                "@napi-rs/canvas-linux-x64-gnu": "0.1.41",
                "@napi-rs/canvas-linux-x64-musl": "0.1.41",
                "@napi-rs/canvas-win32-x64-msvc": "0.1.41"
            }
        },
        "node_modules/@napi-rs/canvas-android-arm64": {
            "version": "0.1.41",
            "resolved": "https://registry.npmjs.org/@napi-rs/canvas-android-arm64/-/canvas-android-arm64-0.1.41.tgz",
            "integrity": "sha512-hPYeFbgusSK9g6TxYXH4bKFGkH9Win7hP83HNw1ZiOS1xY16jw6xEEPzkIbKLIJDlDOIXuZ+s2mey4JE0n0GZA==",
            "cpu": [
                "arm64"
            ],
            "optional": true,
            "os": [
                "android"
            ],
            "engines": {
                "node": ">= 10"
            }
        },
        "node_modules/@napi-rs/canvas-darwin-arm64": {
            "version": "0.1.41",
            "resolved": "https://registry.npmjs.org/@napi-rs/canvas-darwin-arm64/-/canvas-darwin-arm64-0.1.41.tgz",
            "integrity": "sha512-tBkzCYOQWfKmMyHVyPGhBKyowH8mcdfy79Hcv+jQb+XIrxx+JmINmlEl7jfNhYLjejM9mar+ZRe+FXqQTlq45g==",
            "cpu": [
                "arm64"
            ],
            "optional": true,
            "os": [
                "darwin"
            ],
            "engines": {
                "node": ">= 10"
            }
        },
        "node_modules/@napi-rs/canvas-darwin-x64": {
            "version": "0.1.41",
            "resolved": "https://registry.npmjs.org/@napi-rs/canvas-darwin-x64/-/canvas-darwin-x64-0.1.41.tgz",
            "integrity": "sha512-n1/F47ymTtgEAMKYGKBquF4a2MKxOT7LRa3u5Beto2nxgB4OvTfp1wLo7QjihLBPUVEZSpnCy8JZhpKC2S9fUw==",
            "cpu": [
                "x64"
            ],
            "optional": true,
            "os": [
                "darwin"
            ],
            "engines": {
                "node": ">= 10"
            }
        },
        "node_modules/@napi-rs/canvas-linux-arm-gnueabihf": {
            "version": "0.1.41",
            "resolved": "https://registry.npmjs.org/@napi-rs/canvas-linux-arm-gnueabihf/-/canvas-linux-arm-gnueabihf-0.1.41.tgz",
            "integrity": "sha512-XjhWsuCX/MMTuLLvXhKAaZzTRdgqaL4laaEw5NoCIihg4pLyFcok+bD2LQoMcOJC/ATbRfm8cprqgVzncfszLA==",
            "cpu": [
                "arm"
            ],
            "optional": true,
            "os": [
                "linux"
            ],
            "engines": {
                "node": ">= 10"
            }
        },
        "node_modules/@napi-rs/canvas-linux-arm64-gnu": {
            "version": "0.1.41",
            "resolved": "https://registry.npmjs.org/@napi-rs/canvas-linux-arm64-gnu/-/canvas-linux-arm64-gnu-0.1.41.tgz",
            "integrity": "sha512-kY5caBtSrUox8G5DKnNLfA3nLeZjaLMNV6WjVje57fz8QGOLCVF6dyRH15G8rfJ9W3Ka50XCUN4XmEHSPo7FBQ==",
            "cpu": [
                "arm64"
            ],
            "hasInstallScript": true,
            "optional": true,
            "os": [
                "linux"
            ],
            "engines": {
                "node": ">= 10"
            }
        },
        "node_modules/@napi-rs/canvas-linux-arm64-musl": {
            "version": "0.1.41",
            "resolved": "https://registry.npmjs.org/@napi-rs/canvas-linux-arm64-musl/-/canvas-linux-arm64-musl-0.1.41.tgz",
            "integrity": "sha512-DIfPcnHbSzuRl3CieMA1Bd5Wou3WDyFOdjS1kCM1x5B1RkirAZ+LfxcuWvGX2CEg4tL8Yd/vktKuFR/X9RFcSg==",
            "cpu": [
                "arm64"
            ],
            "hasInstallScript": true,
            "optional": true,
            "os": [
                "linux"
            ],
            "engines": {
                "node": ">= 10"
            }
        },
        "node_modules/@napi-rs/canvas-linux-x64-gnu": {
            "version": "0.1.41",
            "resolved": "https://registry.npmjs.org/@napi-rs/canvas-linux-x64-gnu/-/canvas-linux-x64-gnu-0.1.41.tgz",
            "integrity": "sha512-tKyzC0ZgqwuB9k0GvnOTCh05x+CQQ1zBbvv9ISjCm4+Pr5m0o3wQwi2M3kNk3NmhaJyWFc5OUOEFp5Ux2Gdvyg==",
            "cpu": [
                "x64"
            ],
            "hasInstallScript": true,
            "optional": true,
            "os": [
                "linux"
            ],
            "engines": {
                "node": ">= 10"
            }
        },
        "node_modules/@napi-rs/canvas-linux-x64-musl": {
            "version": "0.1.41",
            "resolved": "https://registry.npmjs.org/@napi-rs/canvas-linux-x64-musl/-/canvas-linux-x64-musl-0.1.41.tgz",
            "integrity": "sha512-MRnLn5ftkC3E4XK2lol+ya3SE9PpfTxMjDpgbF4/d2i+AkT5vNF7yJJGfblzBOtgwO4g7plmAHQJ2Dv18BXtgw==",
            "cpu": [
                "x64"
            ],
            "hasInstallScript": true,
            "optional": true,
            "os": [
                "linux"
            ],
            "engines": {
                "node": ">= 10"
            }
        },
        "node_modules/@napi-rs/canvas-win32-x64-msvc": {
            "version": "0.1.41",
            "resolved": "https://registry.npmjs.org/@napi-rs/canvas-win32-x64-msvc/-/canvas-win32-x64-msvc-0.1.41.tgz",
            "integrity": "sha512-e2L/VLJR/glc0vUACVBSL+VpbrfIRRuJU183t5jrOnaLFvVZHH/0iCF9ph9CUN/kKSg2cU84oGrnfJIsuPglSQ==",
            "cpu": [
                "x64"
            ],
            "optional": true,
            "os": [
                "win32"
            ],
            "engines": {
                "node": ">= 10"
            }
        },
        "node_modules/@types/node": {
            "version": "18.16.19",
            "resolved": "https://registry.npmjs.org/@types/node/-/node-18.16.19.tgz",
            "integrity": "sha512-IXl7o+R9iti9eBW4Wg2hx1xQDig183jj7YLn8F7udNceyfkbn1ZxmzZXuak20gR40D7pIkIY1kYGx5VIGbaHKA==",
            "dev": true
        },
        "node_modules/asynckit": {
            "version": "0.4.0",
            "resolved": "https://registry.npmjs.org/asynckit/-/asynckit-0.4.0.tgz",
            "integrity": "sha1-x57Zf380y48robyXkLzDZkdLS3k="
        },
        "node_modules/axios": {
            "version": "1.4.0",
            "resolved": "https://registry.npmjs.org/axios/-/axios-1.4.0.tgz",
            "integrity": "sha512-S4XCWMEmzvo64T9GfvQDOXgYRDJ/wsSZc7Jvdgx5u1sd0JwsuPLqb3SYmusag+edF6ziyMensPVqLTSc1PiSEA==",
            "dependencies": {
                "follow-redirects": "^1.15.0",
                "form-data": "^4.0.0",
                "proxy-from-env": "^1.1.0"
            }
        },
        "node_modules/combined-stream": {
            "version": "1.0.8",
            "resolved": "https://registry.npmjs.org/combined-stream/-/combined-stream-1.0.8.tgz",
            "integrity": "sha512-FQN4MRfuJeHf7cBbBMJFXhKSDq+2kAArBlmRBvcvFE5BB1HZKXtSFASDhdlz9zOYwxh8lDdnvmMOe/+5cdoEdg==",
            "dependencies": {
                "delayed-stream": "~1.0.0"
            },
            "engines": {
                "node": ">= 0.8"
            }
        },
        "node_modules/delayed-stream": {
            "version": "1.0.0",
            "resolved": "https://registry.npmjs.org/delayed-stream/-/delayed-stream-1.0.0.tgz",
            "integrity": "sha1-3zrhmayt+31ECqrgsp4icrJOxhk=",
            "engines": {
                "node": ">=0.4.0"
            }
        },
        "node_modules/follow-redirects": {
            "version": "1.15.0",
            "resolved": "https://registry.npmjs.org/follow-redirects/-/follow-redirects-1.15.0.tgz",
            "integrity": "sha512-aExlJShTV4qOUOL7yF1U5tvLCB0xQuudbf6toyYA0E/acBNw71mvjFTnLaRp50aQaYocMR0a/RMMBIHeZnGyjQ==",
            "funding": [
                {
                    "type": "individual",
                    "url": "https://github.com/sponsors/RubenVerborgh"
                }
            ],
            "engines": {
                "node": ">=4.0"
            },
            "peerDependenciesMeta": {
                "debug": {
                    "optional": true
                }
            }
        },
        "node_modules/form-data": {
            "version": "4.0.0",
            "resolved": "https://registry.npmjs.org/form-data/-/form-data-4.0.0.tgz",
            "integrity": "sha512-ETEklSGi5t0QMZuiXoA/Q6vcnxcLQP5vdugSpuAyi6SVGi2clPPp+xgEhuMaHC+zGgn31Kd235W35f7Hykkaww==",
            "dependencies": {
                "asynckit": "^0.4.0",
                "combined-stream": "^1.0.8",
                "mime-types": "^2.1.12"
            },
            "engines": {
                "node": ">= 6"
            }
        },
        "node_modules/mime-db": {
            "version": "1.52.0",
            "resolved": "https://registry.npmjs.org/mime-db/-/mime-db-1.52.0.tgz",
            "integrity": "sha512-sPU4uV7dYlvtWJxwwxHD0PuihVNiE7TyAbQ5SWxDCB9mUYvOgroQOwYQQOKPJ8CIbE+1ETVlOoK1UC2nU3gYvg==",
            "engines": {
                "node": ">= 0.6"
            }
        },
        "node_modules/mime-types": {
            "version": "2.1.35",
            "resolved": "https://registry.npmjs.org/mime-types/-/mime-types-2.1.35.tgz",
            "integrity": "sha512-ZDY+bPm5zTTF+YpCrAU9nK0UgICYPT0QtT1NZWFv4s++TNkcgVaT0g6+4R2uI4MjQjzysHB1zxuWL50hzaeXiw==",
            "dependencies": {
                "mime-db": "1.52.0"
            },
            "engines": {
                "node": ">= 0.6"
            }
        },
        "node_modules/ncp": {
            "version": "2.0.0",
            "resolved": "https://registry.npmjs.org/ncp/-/ncp-2.0.0.tgz",
            "integrity": "sha512-zIdGUrPRFTUELUvr3Gmc7KZ2Sw/h1PiVM0Af/oHB6zgnV1ikqSfRk+TOufi79aHYCW3NiOXmr1BP5nWbzojLaA==",
            "dev": true,
            "bin": {
                "ncp": "bin/ncp"
            }
        },
        "node_modules/proxy-from-env": {
            "version": "1.1.0",
            "resolved": "https://registry.npmjs.org/proxy-from-env/-/proxy-from-env-1.1.0.tgz",
            "integrity": "sha512-D+zkORCbA9f1tdWRK0RaCR3GPv50cMxcrz4X8k5LTSUD1Dkw47mKJEZQNunItRTkWwgtaUSo1RVFRIG9ZXiFYg=="
        },
        "node_modules/typescript": {
            "version": "5.1.6",
            "resolved": "https://registry.npmjs.org/typescript/-/typescript-5.1.6.tgz",
            "integrity": "sha512-zaWCozRZ6DLEWAWFrVDz1H6FVXzUSfTy5FUMWsQlU8Ym5JP9eO4xkTIROFCQvhQf61z6O/G6ugw3SgAnvvm+HA==",
            "dev": true,
            "bin": {
                "tsc": "bin/tsc",
                "tsserver": "bin/tsserver"
            },
            "engines": {
                "node": ">=14.17"
            }
        }
    }
}
